# THIS IS AN AUTOGENERATED FILE. DO NOT EDIT THIS FILE DIRECTLY.
# yarn lockfile v1


"@babel/code-frame@^7.0.0":
  version "7.0.0"
  resolved "https://artifacts.netflix.com/api/npm/npm-netflix/@babel/code-frame/-/code-frame-7.0.0.tgz#06e2ab19bdb535385559aabb5ba59729482800f8"
  integrity sha1-BuKrGb21NThVWaq7W6WXKUgoAPg=
  dependencies:
    "@babel/highlight" "^7.0.0"

"@babel/highlight@^7.0.0":
  version "7.5.0"
  resolved "https://artifacts.netflix.com/api/npm/npm-netflix/@babel/highlight/-/highlight-7.5.0.tgz#56d11312bd9248fa619591d02472be6e8cb32540"
  integrity sha1-VtETEr2SSPphlZHQJHK+boyzJUA=
  dependencies:
    chalk "^2.0.0"
    esutils "^2.0.2"
    js-tokens "^4.0.0"

"@babel/runtime@^7.4.5":
  version "7.5.4"
  resolved "https://artifacts.netflix.com/api/npm/npm-netflix/@babel/runtime/-/runtime-7.5.4.tgz#cb7d1ad7c6d65676e66b47186577930465b5271b"
  integrity sha1-y30a18bWVnbma0cYZXeTBGW1Jxs=
  dependencies:
    regenerator-runtime "^0.13.2"

"@netflix/element-server@^1.0.9":
  version "1.0.9"
  resolved "https://artifacts.netflix.com/api/npm/npm-netflix/@netflix/element-server/-/@netflix/element-server-1.0.9.tgz#0ed1d6fde21f7c6cb837307b058cd684af96a530"
  integrity sha1-DtHW/eIffGy4NzB7BYzWhK+WpTA=
  dependencies:
    node-static "^0.7.10"

"@netflix/x-test@^1.0.0-rc.11":
  version "1.0.0-rc.11"
  resolved "https://artifacts.netflix.com/api/npm/npm-netflix/@netflix/x-test/-/x-test-1.0.0-rc.11.tgz#b3b3bb9ea841afcbdd6186e145e2c5adc7410f50"
  integrity sha1-s7O7nqhBr8vdYYbhReLFrcdBD1A=

acorn-jsx@^5.0.0:
  version "5.0.1"
  resolved "https://artifacts.netflix.com/api/npm/npm-netflix/acorn-jsx/-/acorn-jsx-5.0.1.tgz#32a064fd925429216a09b141102bfdd185fae40e"
  integrity sha1-MqBk/ZJUKSFqCbFBECv90YX65A4=

acorn@^6.0.7:
  version "6.2.0"
  resolved "https://artifacts.netflix.com/api/npm/npm-netflix/acorn/-/acorn-6.2.0.tgz#67f0da2fc339d6cfb5d6fb244fd449f33cd8bbe3"
  integrity sha1-Z/DaL8M51s+11vskT9RJ8zzYu+M=

agent-base@^4.3.0:
  version "4.3.0"
  resolved "https://artifacts.netflix.com/api/npm/npm-netflix/agent-base/-/agent-base-4.3.0.tgz#8165f01c436009bccad0b1d122f05ed770efc6ee"
  integrity sha1-gWXwHENgCbzK0LHRIvBe13Dvxu4=
  dependencies:
    es6-promisify "^5.0.0"

ajv@^6.10.0, ajv@^6.10.2:
  version "6.10.2"
  resolved "https://artifacts.netflix.com/api/npm/npm-netflix/ajv/-/ajv-6.10.2.tgz#d3cea04d6b017b2894ad69040fec8b623eb4bd52"
  integrity sha1-086gTWsBeyiUrWkED+yLYj60vVI=
  dependencies:
    fast-deep-equal "^2.0.1"
    fast-json-stable-stringify "^2.0.0"
    json-schema-traverse "^0.4.1"
    uri-js "^4.2.2"

ansi-escapes@^3.2.0:
  version "3.2.0"
  resolved "https://artifacts.netflix.com/api/npm/npm-netflix/ansi-escapes/-/ansi-escapes-3.2.0.tgz#8780b98ff9dbf5638152d1f1fe5c1d7b4442976b"
  integrity sha1-h4C5j/nb9WOBUtHx/lwde0RCl2s=

ansi-regex@^3.0.0:
  version "3.0.0"
  resolved "https://artifacts.netflix.com/api/npm/npm-netflix/ansi-regex/-/ansi-regex-3.0.0.tgz#ed0317c322064f79466c02966bddb605ab37d998"
  integrity sha1-7QMXwyIGT3lGbAKWa922Bas32Zg=

ansi-regex@^4.1.0:
  version "4.1.0"
  resolved "https://artifacts.netflix.com/api/npm/npm-netflix/ansi-regex/-/ansi-regex-4.1.0.tgz#8b9f8f08cf1acb843756a839ca8c7e3168c51997"
  integrity sha1-i5+PCM8ay4Q3Vqg5yox+MWjFGZc=

ansi-styles@^3.2.0, ansi-styles@^3.2.1:
  version "3.2.1"
  resolved "https://artifacts.netflix.com/api/npm/npm-netflix/ansi-styles/-/ansi-styles-3.2.1.tgz#41fbb20243e50b12be0f04b8dedbf07520ce841d"
  integrity sha1-QfuyAkPlCxK+DwS43tvwdSDOhB0=
  dependencies:
    color-convert "^1.9.0"

argparse@^1.0.7:
  version "1.0.10"
  resolved "https://artifacts.netflix.com/api/npm/npm-netflix/argparse/-/argparse-1.0.10.tgz#bcd6791ea5ae09725e17e5ad988134cd40b3d911"
  integrity sha1-vNZ5HqWuCXJeF+WtmIE0zUCz2RE=
  dependencies:
    sprintf-js "~1.0.2"

astral-regex@^1.0.0:
  version "1.0.0"
  resolved "https://artifacts.netflix.com/api/npm/npm-netflix/astral-regex/-/astral-regex-1.0.0.tgz#6c8c3fb827dd43ee3918f27b82782ab7658a6fd9"
  integrity sha1-bIw/uCfdQ+45GPJ7gngqt2WKb9k=

async-limiter@~1.0.0:
  version "1.0.0"
  resolved "https://artifacts.netflix.com/api/npm/npm-netflix/async-limiter/-/async-limiter-1.0.0.tgz#78faed8c3d074ab81f22b4e985d79e8738f720f8"
  integrity sha1-ePrtjD0HSrgfIrTphdeehzj3IPg=

balanced-match@^1.0.0:
  version "1.0.0"
  resolved "https://artifacts.netflix.com/api/npm/npm-netflix/balanced-match/-/balanced-match-1.0.0.tgz#89b4d199ab2bee49de164ea02b89ce462d71b767"
  integrity sha1-ibTRmasr7kneFk6gK4nORi1xt2c=

brace-expansion@^1.1.7:
  version "1.1.11"
  resolved "https://artifacts.netflix.com/api/npm/npm-netflix/brace-expansion/-/brace-expansion-1.1.11.tgz#3c7fcbf529d87226f3d2f52b966ff5271eb441dd"
  integrity sha1-PH/L9SnYcibz0vUrlm/1Jx60Qd0=
  dependencies:
    balanced-match "^1.0.0"
    concat-map "0.0.1"

buffer-from@^1.0.0:
  version "1.1.1"
  resolved "https://artifacts.netflix.com/api/npm/npm-netflix/buffer-from/-/buffer-from-1.1.1.tgz#32713bc028f75c02fdb710d7c7bcec1f2c6070ef"
  integrity sha1-MnE7wCj3XAL9txDXx7zsHyxgcO8=

callsites@^3.0.0:
  version "3.1.0"
  resolved "https://artifacts.netflix.com/api/npm/npm-netflix/callsites/-/callsites-3.1.0.tgz#b3630abd8943432f54b3f0519238e33cd7df2f73"
  integrity sha1-s2MKvYlDQy9Us/BRkjjjPNffL3M=

chalk@^2.0.0, chalk@^2.1.0, chalk@^2.4.2:
  version "2.4.2"
  resolved "https://artifacts.netflix.com/api/npm/npm-netflix/chalk/-/chalk-2.4.2.tgz#cd42541677a54333cf541a49108c1432b44c9424"
  integrity sha1-zUJUFnelQzPPVBpJEIwUMrRMlCQ=
  dependencies:
    ansi-styles "^3.2.1"
    escape-string-regexp "^1.0.5"
    supports-color "^5.3.0"

chardet@^0.7.0:
  version "0.7.0"
  resolved "https://artifacts.netflix.com/api/npm/npm-netflix/chardet/-/chardet-0.7.0.tgz#90094849f0937f2eedc2425d0d28a9e5f0cbad9e"
  integrity sha1-kAlISfCTfy7twkJdDSip5fDLrZ4=

cli-cursor@^2.1.0:
  version "2.1.0"
  resolved "https://artifacts.netflix.com/api/npm/npm-netflix/cli-cursor/-/cli-cursor-2.1.0.tgz#b35dac376479facc3e94747d41d0d0f5238ffcb5"
  integrity sha1-s12sN2R5+sw+lHR9QdDQ9SOP/LU=
  dependencies:
    restore-cursor "^2.0.0"

cli-width@^2.0.0:
  version "2.2.0"
  resolved "https://artifacts.netflix.com/api/npm/npm-netflix/cli-width/-/cli-width-2.2.0.tgz#ff19ede8a9a5e579324147b0c11f0fbcbabed639"
  integrity sha1-/xnt6Kml5XkyQUewwR8PvLq+1jk=

color-convert@^1.9.0:
  version "1.9.3"
  resolved "https://artifacts.netflix.com/api/npm/npm-netflix/color-convert/-/color-convert-1.9.3.tgz#bb71850690e1f136567de629d2d5471deda4c1e8"
  integrity sha1-u3GFBpDh8TZWfeYp0tVHHe2kweg=
  dependencies:
    color-name "1.1.3"

color-name@1.1.3:
  version "1.1.3"
  resolved "https://artifacts.netflix.com/api/npm/npm-netflix/color-name/-/color-name-1.1.3.tgz#a7d0558bd89c42f795dd42328f740831ca53bc25"
  integrity sha1-p9BVi9icQveV3UIyj3QIMcpTvCU=

colors@>=0.6.0:
  version "1.3.3"
  resolved "https://artifacts.netflix.com/api/npm/npm-netflix/colors/-/colors-1.3.3.tgz#39e005d546afe01e01f9c4ca8fa50f686a01205d"
  integrity sha1-OeAF1Uav4B4B+cTKj6UPaGoBIF0=

concat-map@0.0.1:
  version "0.0.1"
  resolved "https://artifacts.netflix.com/api/npm/npm-netflix/concat-map/-/concat-map-0.0.1.tgz#d8a96bd77fd68df7793a73036a3ba0d5405d477b"
  integrity sha1-2Klr13/Wjfd5OnMDajug1UBdR3s=

concat-stream@1.6.2:
  version "1.6.2"
  resolved "https://artifacts.netflix.com/api/npm/npm-netflix/concat-stream/-/concat-stream-1.6.2.tgz#904bdf194cd3122fc675c77fc4ac3d4ff0fd1a34"
  integrity sha1-kEvfGUzTEi/Gdcd/xKw9T/D9GjQ=
  dependencies:
    buffer-from "^1.0.0"
    inherits "^2.0.3"
    readable-stream "^2.2.2"
    typedarray "^0.0.6"

core-util-is@~1.0.0:
  version "1.0.2"
  resolved "https://artifacts.netflix.com/api/npm/npm-netflix/core-util-is/-/core-util-is-1.0.2.tgz#b5fd54220aa2bc5ab57aab7140c940754503c1a7"
  integrity sha1-tf1UIgqivFq1eqtxQMlAdUUDwac=

cross-spawn@^6.0.5:
  version "6.0.5"
  resolved "https://artifacts.netflix.com/api/npm/npm-netflix/cross-spawn/-/cross-spawn-6.0.5.tgz#4a5ec7c64dfae22c3a14124dbacdee846d80cbc4"
  integrity sha1-Sl7Hxk364iw6FBJNus3uhG2Ay8Q=
  dependencies:
    nice-try "^1.0.4"
    path-key "^2.0.1"
    semver "^5.5.0"
    shebang-command "^1.2.0"
    which "^1.2.9"

debug@2.6.9:
  version "2.6.9"
  resolved "https://artifacts.netflix.com/api/npm/npm-netflix/debug/-/debug-2.6.9.tgz#5d128515df134ff327e90a4c93f4e077a536341f"
  integrity sha1-XRKFFd8TT/Mn6QpMk/Tgd6U2NB8=
  dependencies:
    ms "2.0.0"

debug@^3.1.0:
  version "3.2.6"
  resolved "https://artifacts.netflix.com/api/npm/npm-netflix/debug/-/debug-3.2.6.tgz#e83d17de16d8a7efb7717edbe5fb10135eee629b"
  integrity sha1-6D0X3hbYp++3cX7b5fsQE17uYps=
  dependencies:
    ms "^2.1.1"

debug@^4.0.1, debug@^4.1.0:
  version "4.1.1"
  resolved "https://artifacts.netflix.com/api/npm/npm-netflix/debug/-/debug-4.1.1.tgz#3b72260255109c6b589cee050f1d516139664791"
  integrity sha1-O3ImAlUQnGtYnO4FDx1RYTlmR5E=
  dependencies:
    ms "^2.1.1"

deep-is@~0.1.3:
  version "0.1.3"
  resolved "https://artifacts.netflix.com/api/npm/npm-netflix/deep-is/-/deep-is-0.1.3.tgz#b369d6fb5dbc13eecf524f91b070feedc357cf34"
  integrity sha1-s2nW+128E+7PUk+RsHD+7cNXzzQ=

doctrine@^3.0.0:
  version "3.0.0"
  resolved "https://artifacts.netflix.com/api/npm/npm-netflix/doctrine/-/doctrine-3.0.0.tgz#addebead72a6574db783639dc87a121773973961"
  integrity sha1-rd6+rXKmV023g2OdyHoSF3OXOWE=
  dependencies:
    esutils "^2.0.2"

emoji-regex@^7.0.1:
  version "7.0.3"
  resolved "https://artifacts.netflix.com/api/npm/npm-netflix/emoji-regex/-/emoji-regex-7.0.3.tgz#933a04052860c85e83c122479c4748a8e4c72156"
  integrity sha1-kzoEBShgyF6DwSJHnEdIqOTHIVY=

es6-promise@^4.0.3:
  version "4.2.8"
  resolved "https://artifacts.netflix.com/api/npm/npm-netflix/es6-promise/-/es6-promise-4.2.8.tgz#4eb21594c972bc40553d276e510539143db53e0a"
  integrity sha1-TrIVlMlyvEBVPSduUQU5FD21Pgo=

es6-promisify@^5.0.0:
  version "5.0.0"
  resolved "https://artifacts.netflix.com/api/npm/npm-netflix/es6-promisify/-/es6-promisify-5.0.0.tgz#5109d62f3e56ea967c4b63505aef08291c8a5203"
  integrity sha1-UQnWLz5W6pZ8S2NQWu8IKRyKUgM=
  dependencies:
    es6-promise "^4.0.3"

escape-string-regexp@^1.0.5:
  version "1.0.5"
  resolved "https://artifacts.netflix.com/api/npm/npm-netflix/escape-string-regexp/-/escape-string-regexp-1.0.5.tgz#1b61c0562190a8dff6ae3bb2cf0200ca130b86d4"
  integrity sha1-G2HAViGQqN/2rjuyzwIAyhMLhtQ=

eslint-scope@^4.0.3:
  version "4.0.3"
  resolved "https://artifacts.netflix.com/api/npm/npm-netflix/eslint-scope/-/eslint-scope-4.0.3.tgz#ca03833310f6889a3264781aa82e63eb9cfe7848"
  integrity sha1-ygODMxD2iJoyZHgaqC5j65z+eEg=
  dependencies:
    esrecurse "^4.1.0"
    estraverse "^4.1.1"

eslint-utils@^1.3.1:
  version "1.4.0"
  resolved "https://artifacts.netflix.com/api/npm/npm-netflix/eslint-utils/-/eslint-utils-1.4.0.tgz#e2c3c8dba768425f897cf0f9e51fe2e241485d4c"
  integrity sha1-4sPI26doQl+JfPD55R/i4kFIXUw=
  dependencies:
    eslint-visitor-keys "^1.0.0"

eslint-visitor-keys@^1.0.0:
  version "1.0.0"
  resolved "https://artifacts.netflix.com/api/npm/npm-netflix/eslint-visitor-keys/-/eslint-visitor-keys-1.0.0.tgz#3f3180fb2e291017716acb4c9d6d5b5c34a6a81d"
  integrity sha1-PzGA+y4pEBdxastMnW1bXDSmqB0=

eslint@^6.0.1:
  version "6.0.1"
  resolved "https://artifacts.netflix.com/api/npm/npm-netflix/eslint/-/eslint-6.0.1.tgz#4a32181d72cb999d6f54151df7d337131f81cda7"
  integrity sha1-SjIYHXLLmZ1vVBUd99M3Ex+Bzac=
  dependencies:
    "@babel/code-frame" "^7.0.0"
    ajv "^6.10.0"
    chalk "^2.1.0"
    cross-spawn "^6.0.5"
    debug "^4.0.1"
    doctrine "^3.0.0"
    eslint-scope "^4.0.3"
    eslint-utils "^1.3.1"
    eslint-visitor-keys "^1.0.0"
    espree "^6.0.0"
    esquery "^1.0.1"
    esutils "^2.0.2"
    file-entry-cache "^5.0.1"
    functional-red-black-tree "^1.0.1"
    glob-parent "^3.1.0"
    globals "^11.7.0"
    ignore "^4.0.6"
    import-fresh "^3.0.0"
    imurmurhash "^0.1.4"
    inquirer "^6.2.2"
    is-glob "^4.0.0"
    js-yaml "^3.13.1"
    json-stable-stringify-without-jsonify "^1.0.1"
    levn "^0.3.0"
    lodash "^4.17.11"
    minimatch "^3.0.4"
    mkdirp "^0.5.1"
    natural-compare "^1.4.0"
    optionator "^0.8.2"
    progress "^2.0.0"
    regexpp "^2.0.1"
    semver "^5.5.1"
    strip-ansi "^4.0.0"
    strip-json-comments "^2.0.1"
    table "^5.2.3"
    text-table "^0.2.0"

espree@^6.0.0:
  version "6.0.0"
  resolved "https://artifacts.netflix.com/api/npm/npm-netflix/espree/-/espree-6.0.0.tgz#716fc1f5a245ef5b9a7fdb1d7b0d3f02322e75f6"
  integrity sha1-cW/B9aJF71uaf9sdew0/AjIudfY=
  dependencies:
    acorn "^6.0.7"
    acorn-jsx "^5.0.0"
    eslint-visitor-keys "^1.0.0"

esprima@^4.0.0:
  version "4.0.1"
  resolved "https://artifacts.netflix.com/api/npm/npm-netflix/esprima/-/esprima-4.0.1.tgz#13b04cdb3e6c5d19df91ab6987a8695619b0aa71"
  integrity sha1-E7BM2z5sXRnfkatph6hpVhmwqnE=

esquery@^1.0.1:
  version "1.0.1"
  resolved "https://artifacts.netflix.com/api/npm/npm-netflix/esquery/-/esquery-1.0.1.tgz#406c51658b1f5991a5f9b62b1dc25b00e3e5c708"
  integrity sha1-QGxRZYsfWZGl+bYrHcJbAOPlxwg=
  dependencies:
    estraverse "^4.0.0"

esrecurse@^4.1.0:
  version "4.2.1"
  resolved "https://artifacts.netflix.com/api/npm/npm-netflix/esrecurse/-/esrecurse-4.2.1.tgz#007a3b9fdbc2b3bb87e4879ea19c92fdbd3942cf"
  integrity sha1-AHo7n9vCs7uH5IeeoZyS/b05Qs8=
  dependencies:
    estraverse "^4.1.0"

estraverse@^4.0.0, estraverse@^4.1.0, estraverse@^4.1.1:
  version "4.2.0"
  resolved "https://artifacts.netflix.com/api/npm/npm-netflix/estraverse/-/estraverse-4.2.0.tgz#0dee3fed31fcd469618ce7342099fc1afa0bdb13"
  integrity sha1-De4/7TH81GlhjOc0IJn8GvoL2xM=

esutils@^2.0.2:
  version "2.0.2"
  resolved "https://artifacts.netflix.com/api/npm/npm-netflix/esutils/-/esutils-2.0.2.tgz#0abf4f1caa5bcb1f7a9d8acc6dea4faaa04bac9b"
  integrity sha1-Cr9PHKpbyx96nYrMbepPqqBLrJs=

events-to-array@^1.0.1:
  version "1.1.2"
  resolved "https://artifacts.netflix.com/api/npm/npm-netflix/events-to-array/-/events-to-array-1.1.2.tgz#2d41f563e1fe400ed4962fe1a4d5c6a7539df7f6"
  integrity sha1-LUH1Y+H+QA7Uli/hpNXGp1Od9/Y=

external-editor@^3.0.3:
  version "3.1.0"
  resolved "https://artifacts.netflix.com/api/npm/npm-netflix/external-editor/-/external-editor-3.1.0.tgz#cb03f740befae03ea4d283caed2741a83f335495"
  integrity sha1-ywP3QL764D6k0oPK7SdBqD8zVJU=
  dependencies:
    chardet "^0.7.0"
    iconv-lite "^0.4.24"
    tmp "^0.0.33"

extract-zip@^1.6.6:
  version "1.6.7"
  resolved "https://artifacts.netflix.com/api/npm/npm-netflix/extract-zip/-/extract-zip-1.6.7.tgz#a840b4b8af6403264c8db57f4f1a74333ef81fe9"
  integrity sha1-qEC0uK9kAyZMjbV/Txp0Mz74H+k=
  dependencies:
    concat-stream "1.6.2"
    debug "2.6.9"
    mkdirp "0.5.1"
    yauzl "2.4.1"

fast-deep-equal@^2.0.1:
  version "2.0.1"
  resolved "https://artifacts.netflix.com/api/npm/npm-netflix/fast-deep-equal/-/fast-deep-equal-2.0.1.tgz#7b05218ddf9667bf7f370bf7fdb2cb15fdd0aa49"
  integrity sha1-ewUhjd+WZ79/Nwv3/bLLFf3Qqkk=

fast-json-stable-stringify@^2.0.0:
  version "2.0.0"
  resolved "https://artifacts.netflix.com/api/npm/npm-netflix/fast-json-stable-stringify/-/fast-json-stable-stringify-2.0.0.tgz#d5142c0caee6b1189f87d3a76111064f86c8bbf2"
  integrity sha1-1RQsDK7msRifh9OnYREGT4bIu/I=

fast-levenshtein@~2.0.4:
  version "2.0.6"
  resolved "https://artifacts.netflix.com/api/npm/npm-netflix/fast-levenshtein/-/fast-levenshtein-2.0.6.tgz#3d8a5c66883a16a30ca8643e851f19baa7797917"
  integrity sha1-PYpcZog6FqMMqGQ+hR8Zuqd5eRc=

fd-slicer@~1.0.1:
  version "1.0.1"
  resolved "https://artifacts.netflix.com/api/npm/npm-netflix/fd-slicer/-/fd-slicer-1.0.1.tgz#8b5bcbd9ec327c5041bf9ab023fd6750f1177e65"
  integrity sha1-i1vL2ewyfFBBv5qwI/1nUPEXfmU=
  dependencies:
    pend "~1.2.0"

figures@^2.0.0:
  version "2.0.0"
  resolved "https://artifacts.netflix.com/api/npm/npm-netflix/figures/-/figures-2.0.0.tgz#3ab1a2d2a62c8bfb431a0c94cb797a2fce27c962"
  integrity sha1-OrGi0qYsi/tDGgyUy3l6L84nyWI=
  dependencies:
    escape-string-regexp "^1.0.5"

file-entry-cache@^5.0.1:
  version "5.0.1"
  resolved "https://artifacts.netflix.com/api/npm/npm-netflix/file-entry-cache/-/file-entry-cache-5.0.1.tgz#ca0f6efa6dd3d561333fb14515065c2fafdf439c"
  integrity sha1-yg9u+m3T1WEzP7FFFQZcL6/fQ5w=
  dependencies:
    flat-cache "^2.0.1"

flat-cache@^2.0.1:
  version "2.0.1"
  resolved "https://artifacts.netflix.com/api/npm/npm-netflix/flat-cache/-/flat-cache-2.0.1.tgz#5d296d6f04bda44a4630a301413bdbc2ec085ec0"
  integrity sha1-XSltbwS9pEpGMKMBQTvbwuwIXsA=
  dependencies:
    flatted "^2.0.0"
    rimraf "2.6.3"
    write "1.0.3"

flatted@^2.0.0:
  version "2.0.1"
  resolved "https://artifacts.netflix.com/api/npm/npm-netflix/flatted/-/flatted-2.0.1.tgz#69e57caa8f0eacbc281d2e2cb458d46fdb449e08"
  integrity sha1-aeV8qo8OrLwoHS4stFjUb9tEngg=

fs.realpath@^1.0.0:
  version "1.0.0"
  resolved "https://artifacts.netflix.com/api/npm/npm-netflix/fs.realpath/-/fs.realpath-1.0.0.tgz#1504ad2523158caa40db4a2787cb01411994ea4f"
  integrity sha1-FQStJSMVjKpA20onh8sBQRmU6k8=

functional-red-black-tree@^1.0.1:
  version "1.0.1"
  resolved "https://artifacts.netflix.com/api/npm/npm-netflix/functional-red-black-tree/-/functional-red-black-tree-1.0.1.tgz#1b0ab3bd553b2a0d6399d29c0e3ea0b252078327"
  integrity sha1-GwqzvVU7Kg1jmdKcDj6gslIHgyc=

glob-parent@^3.1.0:
  version "3.1.0"
  resolved "https://artifacts.netflix.com/api/npm/npm-netflix/glob-parent/-/glob-parent-3.1.0.tgz#9e6af6299d8d3bd2bd40430832bd113df906c5ae"
  integrity sha1-nmr2KZ2NO9K9QEMIMr0RPfkGxa4=
  dependencies:
    is-glob "^3.1.0"
    path-dirname "^1.0.0"

glob@^7.1.3:
  version "7.1.4"
  resolved "https://artifacts.netflix.com/api/npm/npm-netflix/glob/-/glob-7.1.4.tgz#aa608a2f6c577ad357e1ae5a5c26d9a8d1969255"
  integrity sha1-qmCKL2xXetNX4a5aXCbZqNGWklU=
  dependencies:
    fs.realpath "^1.0.0"
    inflight "^1.0.4"
    inherits "2"
    minimatch "^3.0.4"
    once "^1.3.0"
    path-is-absolute "^1.0.0"

globals@^11.7.0:
  version "11.12.0"
  resolved "https://artifacts.netflix.com/api/npm/npm-netflix/globals/-/globals-11.12.0.tgz#ab8795338868a0babd8525758018c2a7eb95c42e"
  integrity sha1-q4eVM4hooLq9hSV1gBjCp+uVxC4=

has-flag@^3.0.0:
  version "3.0.0"
  resolved "https://artifacts.netflix.com/api/npm/npm-netflix/has-flag/-/has-flag-3.0.0.tgz#b5d454dc2199ae225699f3467e5a07f3b955bafd"
  integrity sha1-tdRU3CGZriJWmfNGfloH87lVuv0=

https-proxy-agent@^2.2.1:
  version "2.2.2"
  resolved "https://artifacts.netflix.com/api/npm/npm-netflix/https-proxy-agent/-/https-proxy-agent-2.2.2.tgz#271ea8e90f836ac9f119daccd39c19ff7dfb0793"
  integrity sha1-Jx6o6Q+DasnxGdrM05wZ/337B5M=
  dependencies:
    agent-base "^4.3.0"
    debug "^3.1.0"

iconv-lite@^0.4.24:
  version "0.4.24"
  resolved "https://artifacts.netflix.com/api/npm/npm-netflix/iconv-lite/-/iconv-lite-0.4.24.tgz#2022b4b25fbddc21d2f524974a474aafe733908b"
  integrity sha1-ICK0sl+93CHS9SSXSkdKr+czkIs=
  dependencies:
    safer-buffer ">= 2.1.2 < 3"

ignore@^4.0.6:
  version "4.0.6"
  resolved "https://artifacts.netflix.com/api/npm/npm-netflix/ignore/-/ignore-4.0.6.tgz#750e3db5862087b4737ebac8207ffd1ef27b25fc"
  integrity sha1-dQ49tYYgh7RzfrrIIH/9HvJ7Jfw=

import-fresh@^3.0.0:
  version "3.1.0"
  resolved "https://artifacts.netflix.com/api/npm/npm-netflix/import-fresh/-/import-fresh-3.1.0.tgz#6d33fa1dcef6df930fae003446f33415af905118"
  integrity sha1-bTP6Hc7235MPrgA0RvM0Fa+QURg=
  dependencies:
    parent-module "^1.0.0"
    resolve-from "^4.0.0"

imurmurhash@^0.1.4:
  version "0.1.4"
  resolved "https://artifacts.netflix.com/api/npm/npm-netflix/imurmurhash/-/imurmurhash-0.1.4.tgz#9218b9b2b928a238b13dc4fb6b6d576f231453ea"
  integrity sha1-khi5srkoojixPcT7a21XbyMUU+o=

inflight@^1.0.4:
  version "1.0.6"
  resolved "https://artifacts.netflix.com/api/npm/npm-netflix/inflight/-/inflight-1.0.6.tgz#49bd6331d7d02d0c09bc910a1075ba8165b56df9"
  integrity sha1-Sb1jMdfQLQwJvJEKEHW6gWW1bfk=
  dependencies:
    once "^1.3.0"
    wrappy "1"

inherits@2, inherits@^2.0.3, inherits@~2.0.3:
  version "2.0.4"
  resolved "https://artifacts.netflix.com/api/npm/npm-netflix/inherits/-/inherits-2.0.4.tgz#0fa2c64f932917c3433a0ded55363aae37416b7c"
  integrity sha1-D6LGT5MpF8NDOg3tVTY6rjdBa3w=

inquirer@^6.2.2:
  version "6.5.0"
  resolved "https://artifacts.netflix.com/api/npm/npm-netflix/inquirer/-/inquirer-6.5.0.tgz#2303317efc9a4ea7ec2e2df6f86569b734accf42"
  integrity sha1-IwMxfvyaTqfsLi32+GVptzSsz0I=
  dependencies:
    ansi-escapes "^3.2.0"
    chalk "^2.4.2"
    cli-cursor "^2.1.0"
    cli-width "^2.0.0"
    external-editor "^3.0.3"
    figures "^2.0.0"
    lodash "^4.17.12"
    mute-stream "0.0.7"
    run-async "^2.2.0"
    rxjs "^6.4.0"
    string-width "^2.1.0"
    strip-ansi "^5.1.0"
    through "^2.3.6"

is-extglob@^2.1.0, is-extglob@^2.1.1:
  version "2.1.1"
  resolved "https://artifacts.netflix.com/api/npm/npm-netflix/is-extglob/-/is-extglob-2.1.1.tgz#a88c02535791f02ed37c76a1b9ea9773c833f8c2"
  integrity sha1-qIwCU1eR8C7TfHahueqXc8gz+MI=

is-fullwidth-code-point@^2.0.0:
  version "2.0.0"
  resolved "https://artifacts.netflix.com/api/npm/npm-netflix/is-fullwidth-code-point/-/is-fullwidth-code-point-2.0.0.tgz#a3b30a5c4f199183167aaab93beefae3ddfb654f"
  integrity sha1-o7MKXE8ZkYMWeqq5O+764937ZU8=

is-glob@^3.1.0:
  version "3.1.0"
  resolved "https://artifacts.netflix.com/api/npm/npm-netflix/is-glob/-/is-glob-3.1.0.tgz#7ba5ae24217804ac70707b96922567486cc3e84a"
  integrity sha1-e6WuJCF4BKxwcHuWkiVnSGzD6Eo=
  dependencies:
    is-extglob "^2.1.0"

is-glob@^4.0.0:
  version "4.0.1"
  resolved "https://artifacts.netflix.com/api/npm/npm-netflix/is-glob/-/is-glob-4.0.1.tgz#7567dbe9f2f5e2467bc77ab83c4a29482407a5dc"
  integrity sha1-dWfb6fL14kZ7x3q4PEopSCQHpdw=
  dependencies:
    is-extglob "^2.1.1"

is-promise@^2.1.0:
  version "2.1.0"
  resolved "https://artifacts.netflix.com/api/npm/npm-netflix/is-promise/-/is-promise-2.1.0.tgz#79a2a9ece7f096e80f36d2b2f3bc16c1ff4bf3fa"
  integrity sha1-eaKp7OfwlugPNtKy87wWwf9L8/o=

isarray@~1.0.0:
  version "1.0.0"
  resolved "https://artifacts.netflix.com/api/npm/npm-netflix/isarray/-/isarray-1.0.0.tgz#bb935d48582cba168c06834957a54a3e07124f11"
  integrity sha1-u5NdSFgsuhaMBoNJV6VKPgcSTxE=

isexe@^2.0.0:
  version "2.0.0"
  resolved "https://artifacts.netflix.com/api/npm/npm-netflix/isexe/-/isexe-2.0.0.tgz#e8fbf374dc556ff8947a10dcb0572d633f2cfa10"
  integrity sha1-6PvzdNxVb/iUehDcsFctYz8s+hA=

js-tokens@^4.0.0:
  version "4.0.0"
  resolved "https://artifacts.netflix.com/api/npm/npm-netflix/js-tokens/-/js-tokens-4.0.0.tgz#19203fb59991df98e3a287050d4647cdeaf32499"
  integrity sha1-GSA/tZmR35jjoocFDUZHzerzJJk=

js-yaml@^3.13.1:
  version "3.13.1"
  resolved "https://artifacts.netflix.com/api/npm/npm-netflix/js-yaml/-/js-yaml-3.13.1.tgz#aff151b30bfdfa8e49e05da22e7415e9dfa37847"
  integrity sha1-r/FRswv9+o5J4F2iLnQV6d+jeEc=
  dependencies:
    argparse "^1.0.7"
    esprima "^4.0.0"

json-schema-traverse@^0.4.1:
  version "0.4.1"
  resolved "https://artifacts.netflix.com/api/npm/npm-netflix/json-schema-traverse/-/json-schema-traverse-0.4.1.tgz#69f6a87d9513ab8bb8fe63bdb0979c448e684660"
  integrity sha1-afaofZUTq4u4/mO9sJecRI5oRmA=

json-stable-stringify-without-jsonify@^1.0.1:
  version "1.0.1"
  resolved "https://artifacts.netflix.com/api/npm/npm-netflix/json-stable-stringify-without-jsonify/-/json-stable-stringify-without-jsonify-1.0.1.tgz#9db7b59496ad3f3cfef30a75142d2d930ad72651"
  integrity sha1-nbe1lJatPzz+8wp1FC0tkwrXJlE=

levn@^0.3.0, levn@~0.3.0:
  version "0.3.0"
  resolved "https://artifacts.netflix.com/api/npm/npm-netflix/levn/-/levn-0.3.0.tgz#3b09924edf9f083c0490fdd4c0bc4421e04764ee"
  integrity sha1-OwmSTt+fCDwEkP3UwLxEIeBHZO4=
  dependencies:
    prelude-ls "~1.1.2"
    type-check "~0.3.2"

lit-html@^1.1.1:
  version "1.1.1"
  resolved "https://artifacts.netflix.com/api/npm/npm-netflix/lit-html/-/lit-html-1.1.1.tgz#186ed6abcc70c0d24e1132b37411c3b2645ed1aa"
  integrity sha1-GG7Wq8xwwNJOETKzdBHDsmRe0ao=

lodash@^4.17.11, lodash@^4.17.12, lodash@^4.17.14:
  version "4.17.14"
  resolved "https://artifacts.netflix.com/api/npm/npm-netflix/lodash/-/lodash-4.17.14.tgz#9ce487ae66c96254fe20b599f21b6816028078ba"
  integrity sha1-nOSHrmbJYlT+ILWZ8htoFgKAeLo=

mime@^1.2.9:
  version "1.6.0"
  resolved "https://artifacts.netflix.com/api/npm/npm-netflix/mime/-/mime-1.6.0.tgz#32cd9e5c64553bd58d19a568af452acff04981b1"
  integrity sha1-Ms2eXGRVO9WNGaVor0Uqz/BJgbE=

mime@^2.0.3:
  version "2.4.4"
  resolved "https://artifacts.netflix.com/api/npm/npm-netflix/mime/-/mime-2.4.4.tgz#bd7b91135fc6b01cde3e9bae33d659b63d8857e5"
  integrity sha1-vXuRE1/GsBzePpuuM9ZZtj2IV+U=

mimic-fn@^1.0.0:
  version "1.2.0"
  resolved "https://artifacts.netflix.com/api/npm/npm-netflix/mimic-fn/-/mimic-fn-1.2.0.tgz#820c86a39334640e99516928bd03fca88057d022"
  integrity sha1-ggyGo5M0ZA6ZUWkovQP8qIBX0CI=

minimatch@^3.0.4:
  version "3.0.4"
  resolved "https://artifacts.netflix.com/api/npm/npm-netflix/minimatch/-/minimatch-3.0.4.tgz#5166e286457f03306064be5497e8dbb0c3d32083"
  integrity sha1-UWbihkV/AzBgZL5Ul+jbsMPTIIM=
  dependencies:
    brace-expansion "^1.1.7"

minimist@0.0.8:
  version "0.0.8"
  resolved "https://artifacts.netflix.com/api/npm/npm-netflix/minimist/-/minimist-0.0.8.tgz#857fcabfc3397d2625b8228262e86aa7a011b05d"
  integrity sha1-hX/Kv8M5fSYluCKCYuhqp6ARsF0=

minimist@~0.0.1:
  version "0.0.10"
  resolved "https://artifacts.netflix.com/api/npm/npm-netflix/minimist/-/minimist-0.0.10.tgz#de3f98543dbf96082be48ad1a0c7cda836301dcf"
  integrity sha1-3j+YVD2/lggr5IrRoMfNqDYwHc8=

minipass@^2.2.0:
  version "2.3.5"
  resolved "https://artifacts.netflix.com/api/npm/npm-netflix/minipass/-/minipass-2.3.5.tgz#cacebe492022497f656b0f0f51e2682a9ed2d848"
  integrity sha1-ys6+SSAiSX9law8PUeJoKp7S2Eg=
  dependencies:
    safe-buffer "^5.1.2"
    yallist "^3.0.0"

mkdirp@0.5.1, mkdirp@^0.5.1:
  version "0.5.1"
  resolved "https://artifacts.netflix.com/api/npm/npm-netflix/mkdirp/-/mkdirp-0.5.1.tgz#30057438eac6cf7f8c4767f38648d6697d75c903"
  integrity sha1-MAV0OOrGz3+MR2fzhkjWaX11yQM=
  dependencies:
    minimist "0.0.8"

ms@2.0.0:
  version "2.0.0"
  resolved "https://artifacts.netflix.com/api/npm/npm-netflix/ms/-/ms-2.0.0.tgz#5608aeadfc00be6c2901df5f9861788de0d597c8"
  integrity sha1-VgiurfwAvmwpAd9fmGF4jeDVl8g=

ms@^2.1.1:
  version "2.1.2"
  resolved "https://artifacts.netflix.com/api/npm/npm-netflix/ms/-/ms-2.1.2.tgz#d09d1f357b443f493382a8eb3ccd183872ae6009"
  integrity sha1-0J0fNXtEP0kzgqjrPM0YOHKuYAk=

mute-stream@0.0.7:
  version "0.0.7"
  resolved "https://artifacts.netflix.com/api/npm/npm-netflix/mute-stream/-/mute-stream-0.0.7.tgz#3075ce93bc21b8fab43e1bc4da7e8115ed1e7bab"
  integrity sha1-MHXOk7whuPq0PhvE2n6BFe0ee6s=

natural-compare@^1.4.0:
  version "1.4.0"
  resolved "https://artifacts.netflix.com/api/npm/npm-netflix/natural-compare/-/natural-compare-1.4.0.tgz#4abebfeed7541f2c27acfb29bdbbd15c8d5ba4f7"
  integrity sha1-Sr6/7tdUHywnrPspvbvRXI1bpPc=

nice-try@^1.0.4:
  version "1.0.5"
  resolved "https://artifacts.netflix.com/api/npm/npm-netflix/nice-try/-/nice-try-1.0.5.tgz#a3378a7696ce7d223e88fc9b764bd7ef1089e366"
  integrity sha1-ozeKdpbOfSI+iPybdkvX7xCJ42Y=

node-static@^0.7.10:
  version "0.7.11"
  resolved "https://artifacts.netflix.com/api/npm/npm-netflix/node-static/-/node-static-0.7.11.tgz#60120d349f3cef533e4e820670057eb631882e7f"
  integrity sha1-YBINNJ8871M+ToIGcAV+tjGILn8=
  dependencies:
    colors ">=0.6.0"
    mime "^1.2.9"
    optimist ">=0.3.4"

once@^1.3.0:
  version "1.4.0"
  resolved "https://artifacts.netflix.com/api/npm/npm-netflix/once/-/once-1.4.0.tgz#583b1aa775961d4b113ac17d9c50baef9dd76bd1"
  integrity sha1-WDsap3WWHUsROsF9nFC6753Xa9E=
  dependencies:
    wrappy "1"

onetime@^2.0.0:
  version "2.0.1"
  resolved "https://artifacts.netflix.com/api/npm/npm-netflix/onetime/-/onetime-2.0.1.tgz#067428230fd67443b2794b22bba528b6867962d4"
  integrity sha1-BnQoIw/WdEOyeUsiu6UotoZ5YtQ=
  dependencies:
    mimic-fn "^1.0.0"

optimist@>=0.3.4:
  version "0.6.1"
  resolved "https://artifacts.netflix.com/api/npm/npm-netflix/optimist/-/optimist-0.6.1.tgz#da3ea74686fa21a19a111c326e90eb15a0196686"
  integrity sha1-2j6nRob6IaGaERwybpDrFaAZZoY=
  dependencies:
    minimist "~0.0.1"
    wordwrap "~0.0.2"

optionator@^0.8.2:
  version "0.8.2"
  resolved "https://artifacts.netflix.com/api/npm/npm-netflix/optionator/-/optionator-0.8.2.tgz#364c5e409d3f4d6301d6c0b4c05bba50180aeb64"
  integrity sha1-NkxeQJ0/TWMB1sC0wFu6UBgK62Q=
  dependencies:
    deep-is "~0.1.3"
    fast-levenshtein "~2.0.4"
    levn "~0.3.0"
    prelude-ls "~1.1.2"
    type-check "~0.3.2"
    wordwrap "~1.0.0"

os-tmpdir@~1.0.2:
  version "1.0.2"
  resolved "https://artifacts.netflix.com/api/npm/npm-netflix/os-tmpdir/-/os-tmpdir-1.0.2.tgz#bbe67406c79aa85c5cfec766fe5734555dfa1274"
  integrity sha1-u+Z0BseaqFxc/sdm/lc0VV36EnQ=

parent-module@^1.0.0:
  version "1.0.1"
  resolved "https://artifacts.netflix.com/api/npm/npm-netflix/parent-module/-/parent-module-1.0.1.tgz#691d2709e78c79fae3a156622452d00762caaaa2"
  integrity sha1-aR0nCeeMefrjoVZiJFLQB2LKqqI=
  dependencies:
    callsites "^3.0.0"

path-dirname@^1.0.0:
  version "1.0.2"
  resolved "https://artifacts.netflix.com/api/npm/npm-netflix/path-dirname/-/path-dirname-1.0.2.tgz#cc33d24d525e099a5388c0336c6e32b9160609e0"
  integrity sha1-zDPSTVJeCZpTiMAzbG4yuRYGCeA=

path-is-absolute@^1.0.0:
  version "1.0.1"
  resolved "https://artifacts.netflix.com/api/npm/npm-netflix/path-is-absolute/-/path-is-absolute-1.0.1.tgz#174b9268735534ffbc7ace6bf53a5a9e1b5c5f5f"
  integrity sha1-F0uSaHNVNP+8es5r9TpanhtcX18=

path-key@^2.0.1:
  version "2.0.1"
  resolved "https://artifacts.netflix.com/api/npm/npm-netflix/path-key/-/path-key-2.0.1.tgz#411cadb574c5a140d3a4b1910d40d80cc9f40b40"
  integrity sha1-QRyttXTFoUDTpLGRDUDYDMn0C0A=

pend@~1.2.0:
  version "1.2.0"
  resolved "https://artifacts.netflix.com/api/npm/npm-netflix/pend/-/pend-1.2.0.tgz#7a57eb550a6783f9115331fcf4663d5c8e007a50"
  integrity sha1-elfrVQpng/kRUzH89GY9XI4AelA=

prelude-ls@~1.1.2:
  version "1.1.2"
  resolved "https://artifacts.netflix.com/api/npm/npm-netflix/prelude-ls/-/prelude-ls-1.1.2.tgz#21932a549f5e52ffd9a827f570e04be62a97da54"
  integrity sha1-IZMqVJ9eUv/ZqCf1cOBL5iqX2lQ=

process-nextick-args@~2.0.0:
  version "2.0.1"
  resolved "https://artifacts.netflix.com/api/npm/npm-netflix/process-nextick-args/-/process-nextick-args-2.0.1.tgz#7820d9b16120cc55ca9ae7792680ae7dba6d7fe2"
  integrity sha1-eCDZsWEgzFXKmud5JoCufbptf+I=

progress@^2.0.0, progress@^2.0.1:
  version "2.0.3"
  resolved "https://artifacts.netflix.com/api/npm/npm-netflix/progress/-/progress-2.0.3.tgz#7e8cf8d8f5b8f239c1bc68beb4eb78567d572ef8"
  integrity sha1-foz42PW48jnBvGi+tOt4Vn1XLvg=

proxy-from-env@^1.0.0:
  version "1.0.0"
  resolved "https://artifacts.netflix.com/api/npm/npm-netflix/proxy-from-env/-/proxy-from-env-1.0.0.tgz#33c50398f70ea7eb96d21f7b817630a55791c7ee"
  integrity sha1-M8UDmPcOp+uW0h97gXYwpVeRx+4=

punycode@^2.1.0:
  version "2.1.1"
  resolved "https://artifacts.netflix.com/api/npm/npm-netflix/punycode/-/punycode-2.1.1.tgz#b58b010ac40c22c5657616c8d2c2c02c7bf479ec"
  integrity sha1-tYsBCsQMIsVldhbI0sLALHv0eew=

puppeteer@^1.11.0:
  version "1.18.1"
  resolved "https://artifacts.netflix.com/api/npm/npm-netflix/puppeteer/-/puppeteer-1.18.1.tgz#4a66f3bdab01115ededf70443ec904c99917a815"
  integrity sha1-SmbzvasBEV7e33BEPskEyZkXqBU=
  dependencies:
    debug "^4.1.0"
    extract-zip "^1.6.6"
    https-proxy-agent "^2.2.1"
    mime "^2.0.3"
    progress "^2.0.1"
    proxy-from-env "^1.0.0"
    rimraf "^2.6.1"
    ws "^6.1.0"

readable-stream@^2.2.2:
  version "2.3.6"
  resolved "https://artifacts.netflix.com/api/npm/npm-netflix/readable-stream/-/readable-stream-2.3.6.tgz#b11c27d88b8ff1fbe070643cf94b0c79ae1b0aaf"
  integrity sha1-sRwn2IuP8fvgcGQ8+UsMea4bCq8=
  dependencies:
    core-util-is "~1.0.0"
    inherits "~2.0.3"
    isarray "~1.0.0"
    process-nextick-args "~2.0.0"
    safe-buffer "~5.1.1"
    string_decoder "~1.1.1"
    util-deprecate "~1.0.1"

regenerator-runtime@^0.13.2:
  version "0.13.2"
  resolved "https://artifacts.netflix.com/api/npm/npm-netflix/regenerator-runtime/-/regenerator-runtime-0.13.2.tgz#32e59c9a6fb9b1a4aff09b4930ca2d4477343447"
  integrity sha1-MuWcmm+5saSv8JtJMMotRHc0NEc=

regexpp@^2.0.1:
  version "2.0.1"
  resolved "https://artifacts.netflix.com/api/npm/npm-netflix/regexpp/-/regexpp-2.0.1.tgz#8d19d31cf632482b589049f8281f93dbcba4d07f"
  integrity sha1-jRnTHPYySCtYkEn4KB+T28uk0H8=

resolve-from@^4.0.0:
  version "4.0.0"
  resolved "https://artifacts.netflix.com/api/npm/npm-netflix/resolve-from/-/resolve-from-4.0.0.tgz#4abcd852ad32dd7baabfe9b40e00a36db5f392e6"
  integrity sha1-SrzYUq0y3Xuqv+m0DgCjbbXzkuY=

restore-cursor@^2.0.0:
  version "2.0.0"
  resolved "https://artifacts.netflix.com/api/npm/npm-netflix/restore-cursor/-/restore-cursor-2.0.0.tgz#9f7ee287f82fd326d4fd162923d62129eee0dfaf"
  integrity sha1-n37ih/gv0ybU/RYpI9YhKe7g368=
  dependencies:
    onetime "^2.0.0"
    signal-exit "^3.0.2"

rimraf@2.6.3, rimraf@^2.6.1:
  version "2.6.3"
  resolved "https://artifacts.netflix.com/api/npm/npm-netflix/rimraf/-/rimraf-2.6.3.tgz#b2d104fe0d8fb27cf9e0a1cda8262dd3833c6cab"
  integrity sha1-stEE/g2Psnz54KHNqCYt04M8bKs=
  dependencies:
    glob "^7.1.3"

run-async@^2.2.0:
  version "2.3.0"
  resolved "https://artifacts.netflix.com/api/npm/npm-netflix/run-async/-/run-async-2.3.0.tgz#0371ab4ae0bdd720d4166d7dfda64ff7a445a6c0"
  integrity sha1-A3GrSuC91yDUFm19/aZP96RFpsA=
  dependencies:
    is-promise "^2.1.0"

rxjs@^6.4.0:
  version "6.5.2"
  resolved "https://artifacts.netflix.com/api/npm/npm-netflix/rxjs/-/rxjs-6.5.2.tgz#2e35ce815cd46d84d02a209fb4e5921e051dbec7"
  integrity sha1-LjXOgVzUbYTQKiCftOWSHgUdvsc=
  dependencies:
    tslib "^1.9.0"

safe-buffer@^5.1.2:
  version "5.2.0"
  resolved "https://artifacts.netflix.com/api/npm/npm-netflix/safe-buffer/-/safe-buffer-5.2.0.tgz#b74daec49b1148f88c64b68d49b1e815c1f2f519"
  integrity sha1-t02uxJsRSPiMZLaNSbHoFcHy9Rk=

safe-buffer@~5.1.0, safe-buffer@~5.1.1:
  version "5.1.2"
  resolved "https://artifacts.netflix.com/api/npm/npm-netflix/safe-buffer/-/safe-buffer-5.1.2.tgz#991ec69d296e0313747d59bdfd2b745c35f8828d"
  integrity sha1-mR7GnSluAxN0fVm9/St0XDX4go0=

"safer-buffer@>= 2.1.2 < 3":
  version "2.1.2"
  resolved "https://artifacts.netflix.com/api/npm/npm-netflix/safer-buffer/-/safer-buffer-2.1.2.tgz#44fa161b0187b9549dd84bb91802f9bd8385cd6a"
  integrity sha1-RPoWGwGHuVSd2Eu5GAL5vYOFzWo=

semver@^5.5.0, semver@^5.5.1:
  version "5.7.0"
  resolved "https://artifacts.netflix.com/api/npm/npm-netflix/semver/-/semver-5.7.0.tgz#790a7cf6fea5459bac96110b29b60412dc8ff96b"
  integrity sha1-eQp89v6lRZuslhELKbYEEtyP+Ws=

shebang-command@^1.2.0:
  version "1.2.0"
  resolved "https://artifacts.netflix.com/api/npm/npm-netflix/shebang-command/-/shebang-command-1.2.0.tgz#44aac65b695b03398968c39f363fee5deafdf1ea"
  integrity sha1-RKrGW2lbAzmJaMOfNj/uXer98eo=
  dependencies:
    shebang-regex "^1.0.0"

shebang-regex@^1.0.0:
  version "1.0.0"
  resolved "https://artifacts.netflix.com/api/npm/npm-netflix/shebang-regex/-/shebang-regex-1.0.0.tgz#da42f49740c0b42db2ca9728571cb190c98efea3"
  integrity sha1-2kL0l0DAtC2yypcoVxyxkMmO/qM=

signal-exit@^3.0.2:
  version "3.0.2"
  resolved "https://artifacts.netflix.com/api/npm/npm-netflix/signal-exit/-/signal-exit-3.0.2.tgz#b5fdc08f1287ea1178628e415e25132b73646c6d"
  integrity sha1-tf3AjxKH6hF4Yo5BXiUTK3NkbG0=

slice-ansi@^2.1.0:
  version "2.1.0"
  resolved "https://artifacts.netflix.com/api/npm/npm-netflix/slice-ansi/-/slice-ansi-2.1.0.tgz#cacd7693461a637a5788d92a7dd4fba068e81636"
  integrity sha1-ys12k0YaY3pXiNkqfdT7oGjoFjY=
  dependencies:
    ansi-styles "^3.2.0"
    astral-regex "^1.0.0"
    is-fullwidth-code-point "^2.0.0"

sprintf-js@~1.0.2:
  version "1.0.3"
  resolved "https://artifacts.netflix.com/api/npm/npm-netflix/sprintf-js/-/sprintf-js-1.0.3.tgz#04e6926f662895354f3dd015203633b857297e2c"
  integrity sha1-BOaSb2YolTVPPdAVIDYzuFcpfiw=

string-width@^2.1.0:
  version "2.1.1"
  resolved "https://artifacts.netflix.com/api/npm/npm-netflix/string-width/-/string-width-2.1.1.tgz#ab93f27a8dc13d28cac815c462143a6d9012ae9e"
  integrity sha1-q5Pyeo3BPSjKyBXEYhQ6bZASrp4=
  dependencies:
    is-fullwidth-code-point "^2.0.0"
    strip-ansi "^4.0.0"

string-width@^3.0.0:
  version "3.1.0"
  resolved "https://artifacts.netflix.com/api/npm/npm-netflix/string-width/-/string-width-3.1.0.tgz#22767be21b62af1081574306f69ac51b62203961"
  integrity sha1-InZ74htirxCBV0MG9prFG2IgOWE=
  dependencies:
    emoji-regex "^7.0.1"
    is-fullwidth-code-point "^2.0.0"
    strip-ansi "^5.1.0"

string_decoder@~1.1.1:
  version "1.1.1"
  resolved "https://artifacts.netflix.com/api/npm/npm-netflix/string_decoder/-/string_decoder-1.1.1.tgz#9cf1611ba62685d7030ae9e4ba34149c3af03fc8"
  integrity sha1-nPFhG6YmhdcDCunkujQUnDrwP8g=
  dependencies:
    safe-buffer "~5.1.0"

strip-ansi@^4.0.0:
  version "4.0.0"
  resolved "https://artifacts.netflix.com/api/npm/npm-netflix/strip-ansi/-/strip-ansi-4.0.0.tgz#a8479022eb1ac368a871389b635262c505ee368f"
  integrity sha1-qEeQIusaw2iocTibY1JixQXuNo8=
  dependencies:
    ansi-regex "^3.0.0"

strip-ansi@^5.1.0:
  version "5.2.0"
  resolved "https://artifacts.netflix.com/api/npm/npm-netflix/strip-ansi/-/strip-ansi-5.2.0.tgz#8c9a536feb6afc962bdfa5b104a5091c1ad9c0ae"
  integrity sha1-jJpTb+tq/JYr36WxBKUJHBrZwK4=
  dependencies:
    ansi-regex "^4.1.0"

strip-json-comments@^2.0.1:
  version "2.0.1"
  resolved "https://artifacts.netflix.com/api/npm/npm-netflix/strip-json-comments/-/strip-json-comments-2.0.1.tgz#3c531942e908c2697c0ec344858c286c7ca0a60a"
  integrity sha1-PFMZQukIwml8DsNEhYwobHygpgo=

supports-color@^5.3.0:
  version "5.5.0"
  resolved "https://artifacts.netflix.com/api/npm/npm-netflix/supports-color/-/supports-color-5.5.0.tgz#e2e69a44ac8772f78a1ec0b35b689df6530efc8f"
  integrity sha1-4uaaRKyHcveKHsCzW2id9lMO/I8=
  dependencies:
    has-flag "^3.0.0"

table@^5.2.3:
  version "5.4.4"
  resolved "https://artifacts.netflix.com/api/npm/npm-netflix/table/-/table-5.4.4.tgz#6e0f88fdae3692793d1077fd172a4667afe986a6"
  integrity sha1-bg+I/a42knk9EHf9FypGZ6/phqY=
  dependencies:
    ajv "^6.10.2"
    lodash "^4.17.14"
    slice-ansi "^2.1.0"
    string-width "^3.0.0"

tap-parser@^9.0.0:
  version "9.3.2"
  resolved "https://artifacts.netflix.com/api/npm/npm-netflix/tap-parser/-/tap-parser-9.3.2.tgz#a4fcd566dfc15584b721e6e16f3152ebe4937cc8"
  integrity sha1-pPzVZt/BVYS3IebhbzFS6+STfMg=
  dependencies:
    events-to-array "^1.0.1"
    minipass "^2.2.0"
    tap-yaml "^1.0.0"

tap-yaml@^1.0.0:
  version "1.0.0"
  resolved "https://artifacts.netflix.com/api/npm/npm-netflix/tap-yaml/-/tap-yaml-1.0.0.tgz#4e31443a5489e05ca8bbb3e36cef71b5dec69635"
  integrity sha1-TjFEOlSJ4Fyou7PjbO9xtd7GljU=
  dependencies:
    yaml "^1.5.0"

text-table@^0.2.0:
  version "0.2.0"
  resolved "https://artifacts.netflix.com/api/npm/npm-netflix/text-table/-/text-table-0.2.0.tgz#7f5ee823ae805207c00af2df4a84ec3fcfa570b4"
  integrity sha1-f17oI66AUgfACvLfSoTsP8+lcLQ=

through@^2.3.6:
  version "2.3.8"
  resolved "https://artifacts.netflix.com/api/npm/npm-netflix/through/-/through-2.3.8.tgz#0dd4c9ffaabc357960b1b724115d7e0e86a2e1f5"
  integrity sha1-DdTJ/6q8NXlgsbckEV1+Doai4fU=

tmp@^0.0.33:
  version "0.0.33"
  resolved "https://artifacts.netflix.com/api/npm/npm-netflix/tmp/-/tmp-0.0.33.tgz#6d34335889768d21b2bcda0aa277ced3b1bfadf9"
  integrity sha1-bTQzWIl2jSGyvNoKonfO07G/rfk=
  dependencies:
    os-tmpdir "~1.0.2"

tslib@^1.9.0:
  version "1.10.0"
  resolved "https://artifacts.netflix.com/api/npm/npm-netflix/tslib/-/tslib-1.10.0.tgz#c3c19f95973fb0a62973fb09d90d961ee43e5c8a"
  integrity sha1-w8GflZc/sKYpc/sJ2Q2WHuQ+XIo=

type-check@~0.3.2:
  version "0.3.2"
  resolved "https://artifacts.netflix.com/api/npm/npm-netflix/type-check/-/type-check-0.3.2.tgz#5884cab512cf1d355e3fb784f30804b2b520db72"
  integrity sha1-WITKtRLPHTVeP7eE8wgEsrUg23I=
  dependencies:
    prelude-ls "~1.1.2"

typedarray@^0.0.6:
  version "0.0.6"
  resolved "https://artifacts.netflix.com/api/npm/npm-netflix/typedarray/-/typedarray-0.0.6.tgz#867ac74e3864187b1d3d47d996a78ec5c8830777"
  integrity sha1-hnrHTjhkGHsdPUfZlqeOxciDB3c=

uri-js@^4.2.2:
  version "4.2.2"
  resolved "https://artifacts.netflix.com/api/npm/npm-netflix/uri-js/-/uri-js-4.2.2.tgz#94c540e1ff772956e2299507c010aea6c8838eb0"
  integrity sha1-lMVA4f93KVbiKZUHwBCupsiDjrA=
  dependencies:
    punycode "^2.1.0"

util-deprecate@~1.0.1:
  version "1.0.2"
  resolved "https://artifacts.netflix.com/api/npm/npm-netflix/util-deprecate/-/util-deprecate-1.0.2.tgz#450d4dc9fa70de732762fbd2d4a28981419a0ccf"
  integrity sha1-RQ1Nyfpw3nMnYvvS1KKJgUGaDM8=

which@^1.2.9:
  version "1.3.1"
  resolved "https://artifacts.netflix.com/api/npm/npm-netflix/which/-/which-1.3.1.tgz#a45043d54f5805316da8d62f9f50918d3da70b0a"
  integrity sha1-pFBD1U9YBTFtqNYvn1CRjT2nCwo=
  dependencies:
    isexe "^2.0.0"

wordwrap@~0.0.2:
  version "0.0.3"
  resolved "https://artifacts.netflix.com/api/npm/npm-netflix/wordwrap/-/wordwrap-0.0.3.tgz#a3d5da6cd5c0bc0008d37234bbaf1bed63059107"
  integrity sha1-o9XabNXAvAAI03I0u68b7WMFkQc=

wordwrap@~1.0.0:
  version "1.0.0"
  resolved "https://artifacts.netflix.com/api/npm/npm-netflix/wordwrap/-/wordwrap-1.0.0.tgz#27584810891456a4171c8d0226441ade90cbcaeb"
  integrity sha1-J1hIEIkUVqQXHI0CJkQa3pDLyus=

wrappy@1:
  version "1.0.2"
  resolved "https://artifacts.netflix.com/api/npm/npm-netflix/wrappy/-/wrappy-1.0.2.tgz#b5243d8f3ec1aa35f1364605bc0d1036e30ab69f"
  integrity sha1-tSQ9jz7BqjXxNkYFvA0QNuMKtp8=

write@1.0.3:
  version "1.0.3"
  resolved "https://artifacts.netflix.com/api/npm/npm-netflix/write/-/write-1.0.3.tgz#0800e14523b923a387e415123c865616aae0f5c3"
  integrity sha1-CADhRSO5I6OH5BUSPIZWFqrg9cM=
  dependencies:
    mkdirp "^0.5.1"

ws@^6.1.0:
  version "6.2.1"
  resolved "https://artifacts.netflix.com/api/npm/npm-netflix/ws/-/ws-6.2.1.tgz#442fdf0a47ed64f59b6a5d8ff130f4748ed524fb"
  integrity sha1-RC/fCkftZPWbal2P8TD0dI7VJPs=
  dependencies:
    async-limiter "~1.0.0"

yallist@^3.0.0:
  version "3.0.3"
  resolved "https://artifacts.netflix.com/api/npm/npm-netflix/yallist/-/yallist-3.0.3.tgz#b4b049e314be545e3ce802236d6cd22cd91c3de9"
  integrity sha1-tLBJ4xS+VF486AIjbWzSLNkcPek=

yaml@^1.5.0:
  version "1.6.0"
  resolved "https://artifacts.netflix.com/api/npm/npm-netflix/yaml/-/yaml-1.6.0.tgz#d8a985cfb26086dd73f91c637f6e6bc909fddd3c"
  integrity sha1-2KmFz7Jght1z+Rxjf25ryQn93Tw=
  dependencies:
    "@babel/runtime" "^7.4.5"

yauzl@2.4.1:
  version "2.4.1"
  resolved "https://artifacts.netflix.com/api/npm/npm-netflix/yauzl/-/yauzl-2.4.1.tgz#9528f442dab1b2284e58b4379bb194e22e0c4005"
  integrity sha1-lSj0QtqxsihOWLQ3m7GU4i4MQAU=
  dependencies:
    fd-slicer "~1.0.1"
